
Microsoft Visual Studio Solution File, Format Version 11.00
# Visual Studio 2010
Project("{2150E333-8FDC-42A3-9474-1A3956D46DE8}") = "sample-configs", "sample-configs", "{7323AAE7-0061-47F5-9D2D-E07EBD56022E}"
	ProjectSection(SolutionItems) = preProject
		..\sample-config\configure-mono-fuse-0.4.2 = ..\sample-config\configure-mono-fuse-0.4.2
		..\sample-config\DhtTracker.exe.config = ..\sample-config\DhtTracker.exe.config
		..\sample-config\FuseDht.exe.config = ..\sample-config\FuseDht.exe.config
		..\sample-config\fushare.config = ..\sample-config\fushare.config
		..\sample-config\l4n.config = ..\sample-config\l4n.config
		..\sample-config\Mono.Fuse.dll.config = ..\sample-config\Mono.Fuse.dll.config
	EndProjectSection
EndProject
Project("{2150E333-8FDC-42A3-9474-1A3956D46DE8}") = "scripts", "scripts", "{269AC665-ADA1-48D0-8DB9-7864EDBF82BF}"
EndProject
Project("{FAE04EC0-301F-11D3-BF4B-00C04F79EFBC}") = "Fushare", "Fushare\Fushare.csproj", "{BF49E836-A893-4487-BDC6-3CF146CCBC01}"
EndProject
Project("{FAE04EC0-301F-11D3-BF4B-00C04F79EFBC}") = "BitTorrentTester", "..\tests\BitTorrentTester\BitTorrentTester.csproj", "{40B77C53-AA4D-4DB9-979D-A1685DD8601C}"
	ProjectSection(ProjectDependencies) = postProject
		{BF49E836-A893-4487-BDC6-3CF146CCBC01} = {BF49E836-A893-4487-BDC6-3CF146CCBC01}
	EndProjectSection
EndProject
Project("{FAE04EC0-301F-11D3-BF4B-00C04F79EFBC}") = "Fushare.Fuse", "Fushare.Fuse\Fushare.Fuse.csproj", "{EF23BEB3-1D68-4667-8B9D-AF61BF62D4F0}"
	ProjectSection(ProjectDependencies) = postProject
		{BF49E836-A893-4487-BDC6-3CF146CCBC01} = {BF49E836-A893-4487-BDC6-3CF146CCBC01}
	EndProjectSection
EndProject
Project("{FAE04EC0-301F-11D3-BF4B-00C04F79EFBC}") = "Fushare.Web", "Fushare.Web\Fushare.Web.csproj", "{9225B429-24F2-4B9E-A04E-CE4215292202}"
EndProject
Project("{FAE04EC0-301F-11D3-BF4B-00C04F79EFBC}") = "Fushare.Services", "Fushare.Services\Fushare.Services.csproj", "{689AE079-C153-4EC5-BF41-B0BD9C65539D}"
	ProjectSection(ProjectDependencies) = postProject
		{BF49E836-A893-4487-BDC6-3CF146CCBC01} = {BF49E836-A893-4487-BDC6-3CF146CCBC01}
	EndProjectSection
EndProject
Project("{FAE04EC0-301F-11D3-BF4B-00C04F79EFBC}") = "Fushare.Tests", "..\tests\Fushare.Tests\Fushare.Tests.csproj", "{684ADAE3-2157-49AF-8A48-93173125962D}"
EndProject
Project("{FAE04EC0-301F-11D3-BF4B-00C04F79EFBC}") = "Fushare.Dokan", "Fushare.Dokan\Fushare.Dokan.csproj", "{F9A12FAD-A1B8-48C7-9A82-92C79990A8BB}"
EndProject
Project("{FAE04EC0-301F-11D3-BF4B-00C04F79EFBC}") = "FushareApp", "FushareApp\FushareApp.csproj", "{89CD31DB-4FC0-46A7-960A-747EE95EAEA3}"
EndProject
Project("{FAE04EC0-301F-11D3-BF4B-00C04F79EFBC}") = "TrackerApp", "misc\TrackerApp.csproj", "{18D990D8-0B40-452C-AA85-53DBF7B36A75}"
EndProject
Project("{FAE04EC0-301F-11D3-BF4B-00C04F79EFBC}") = "Fushare.Util", "Fushare.Util\Fushare.Util.csproj", "{2253759E-5110-4DBA-9969-32A76F3DB5B1}"
EndProject
Global
	GlobalSection(SolutionConfigurationPlatforms) = preSolution
		Debug|Any CPU = Debug|Any CPU
		l4n|Any CPU = l4n|Any CPU
		l4npf|Any CPU = l4npf|Any CPU
		Release|Any CPU = Release|Any CPU
		unit|Any CPU = unit|Any CPU
	EndGlobalSection
	GlobalSection(ProjectConfigurationPlatforms) = postSolution
		{18D990D8-0B40-452C-AA85-53DBF7B36A75}.Debug|Any CPU.ActiveCfg = Debug|Any CPU
		{18D990D8-0B40-452C-AA85-53DBF7B36A75}.Debug|Any CPU.Build.0 = Debug|Any CPU
		{18D990D8-0B40-452C-AA85-53DBF7B36A75}.l4n|Any CPU.ActiveCfg = l4n|Any CPU
		{18D990D8-0B40-452C-AA85-53DBF7B36A75}.l4n|Any CPU.Build.0 = l4n|Any CPU
		{18D990D8-0B40-452C-AA85-53DBF7B36A75}.l4npf|Any CPU.ActiveCfg = l4npf|Any CPU
		{18D990D8-0B40-452C-AA85-53DBF7B36A75}.l4npf|Any CPU.Build.0 = l4npf|Any CPU
		{18D990D8-0B40-452C-AA85-53DBF7B36A75}.Release|Any CPU.ActiveCfg = Release|Any CPU
		{18D990D8-0B40-452C-AA85-53DBF7B36A75}.Release|Any CPU.Build.0 = Release|Any CPU
		{18D990D8-0B40-452C-AA85-53DBF7B36A75}.unit|Any CPU.ActiveCfg = unit|Any CPU
		{18D990D8-0B40-452C-AA85-53DBF7B36A75}.unit|Any CPU.Build.0 = unit|Any CPU
		{2253759E-5110-4DBA-9969-32A76F3DB5B1}.Debug|Any CPU.ActiveCfg = Debug|Any CPU
		{2253759E-5110-4DBA-9969-32A76F3DB5B1}.Debug|Any CPU.Build.0 = Debug|Any CPU
		{2253759E-5110-4DBA-9969-32A76F3DB5B1}.l4n|Any CPU.ActiveCfg = l4n|Any CPU
		{2253759E-5110-4DBA-9969-32A76F3DB5B1}.l4n|Any CPU.Build.0 = l4n|Any CPU
		{2253759E-5110-4DBA-9969-32A76F3DB5B1}.l4npf|Any CPU.ActiveCfg = Release|Any CPU
		{2253759E-5110-4DBA-9969-32A76F3DB5B1}.l4npf|Any CPU.Build.0 = Release|Any CPU
		{2253759E-5110-4DBA-9969-32A76F3DB5B1}.Release|Any CPU.ActiveCfg = Release|Any CPU
		{2253759E-5110-4DBA-9969-32A76F3DB5B1}.Release|Any CPU.Build.0 = Release|Any CPU
		{2253759E-5110-4DBA-9969-32A76F3DB5B1}.unit|Any CPU.ActiveCfg = Release|Any CPU
		{2253759E-5110-4DBA-9969-32A76F3DB5B1}.unit|Any CPU.Build.0 = Release|Any CPU
		{40B77C53-AA4D-4DB9-979D-A1685DD8601C}.Debug|Any CPU.ActiveCfg = Debug|Any CPU
		{40B77C53-AA4D-4DB9-979D-A1685DD8601C}.Debug|Any CPU.Build.0 = Debug|Any CPU
		{40B77C53-AA4D-4DB9-979D-A1685DD8601C}.l4n|Any CPU.ActiveCfg = l4n|Any CPU
		{40B77C53-AA4D-4DB9-979D-A1685DD8601C}.l4n|Any CPU.Build.0 = l4n|Any CPU
		{40B77C53-AA4D-4DB9-979D-A1685DD8601C}.l4npf|Any CPU.ActiveCfg = Release|Any CPU
		{40B77C53-AA4D-4DB9-979D-A1685DD8601C}.l4npf|Any CPU.Build.0 = Release|Any CPU
		{40B77C53-AA4D-4DB9-979D-A1685DD8601C}.Release|Any CPU.ActiveCfg = Release|Any CPU
		{40B77C53-AA4D-4DB9-979D-A1685DD8601C}.Release|Any CPU.Build.0 = Release|Any CPU
		{40B77C53-AA4D-4DB9-979D-A1685DD8601C}.unit|Any CPU.ActiveCfg = Release|Any CPU
		{40B77C53-AA4D-4DB9-979D-A1685DD8601C}.unit|Any CPU.Build.0 = Release|Any CPU
		{684ADAE3-2157-49AF-8A48-93173125962D}.Debug|Any CPU.ActiveCfg = Debug|Any CPU
		{684ADAE3-2157-49AF-8A48-93173125962D}.Debug|Any CPU.Build.0 = Debug|Any CPU
		{684ADAE3-2157-49AF-8A48-93173125962D}.l4n|Any CPU.ActiveCfg = l4n|Any CPU
		{684ADAE3-2157-49AF-8A48-93173125962D}.l4n|Any CPU.Build.0 = l4n|Any CPU
		{684ADAE3-2157-49AF-8A48-93173125962D}.l4npf|Any CPU.ActiveCfg = Release|Any CPU
		{684ADAE3-2157-49AF-8A48-93173125962D}.l4npf|Any CPU.Build.0 = Release|Any CPU
		{684ADAE3-2157-49AF-8A48-93173125962D}.Release|Any CPU.ActiveCfg = Release|Any CPU
		{684ADAE3-2157-49AF-8A48-93173125962D}.Release|Any CPU.Build.0 = Release|Any CPU
		{684ADAE3-2157-49AF-8A48-93173125962D}.unit|Any CPU.ActiveCfg = Release|Any CPU
		{684ADAE3-2157-49AF-8A48-93173125962D}.unit|Any CPU.Build.0 = Release|Any CPU
		{689AE079-C153-4EC5-BF41-B0BD9C65539D}.Debug|Any CPU.ActiveCfg = Debug|Any CPU
		{689AE079-C153-4EC5-BF41-B0BD9C65539D}.Debug|Any CPU.Build.0 = Debug|Any CPU
		{689AE079-C153-4EC5-BF41-B0BD9C65539D}.l4n|Any CPU.ActiveCfg = l4n|Any CPU
		{689AE079-C153-4EC5-BF41-B0BD9C65539D}.l4n|Any CPU.Build.0 = l4n|Any CPU
		{689AE079-C153-4EC5-BF41-B0BD9C65539D}.l4npf|Any CPU.ActiveCfg = Release|Any CPU
		{689AE079-C153-4EC5-BF41-B0BD9C65539D}.l4npf|Any CPU.Build.0 = Release|Any CPU
		{689AE079-C153-4EC5-BF41-B0BD9C65539D}.Release|Any CPU.ActiveCfg = Release|Any CPU
		{689AE079-C153-4EC5-BF41-B0BD9C65539D}.Release|Any CPU.Build.0 = Release|Any CPU
		{689AE079-C153-4EC5-BF41-B0BD9C65539D}.unit|Any CPU.ActiveCfg = Release|Any CPU
		{689AE079-C153-4EC5-BF41-B0BD9C65539D}.unit|Any CPU.Build.0 = Release|Any CPU
		{89CD31DB-4FC0-46A7-960A-747EE95EAEA3}.Debug|Any CPU.ActiveCfg = Debug|Any CPU
		{89CD31DB-4FC0-46A7-960A-747EE95EAEA3}.Debug|Any CPU.Build.0 = Debug|Any CPU
		{89CD31DB-4FC0-46A7-960A-747EE95EAEA3}.l4n|Any CPU.ActiveCfg = l4n|Any CPU
		{89CD31DB-4FC0-46A7-960A-747EE95EAEA3}.l4n|Any CPU.Build.0 = l4n|Any CPU
		{89CD31DB-4FC0-46A7-960A-747EE95EAEA3}.l4npf|Any CPU.ActiveCfg = l4npf|Any CPU
		{89CD31DB-4FC0-46A7-960A-747EE95EAEA3}.l4npf|Any CPU.Build.0 = l4npf|Any CPU
		{89CD31DB-4FC0-46A7-960A-747EE95EAEA3}.Release|Any CPU.ActiveCfg = Release|Any CPU
		{89CD31DB-4FC0-46A7-960A-747EE95EAEA3}.Release|Any CPU.Build.0 = Release|Any CPU
		{89CD31DB-4FC0-46A7-960A-747EE95EAEA3}.unit|Any CPU.ActiveCfg = l4n|Any CPU
		{89CD31DB-4FC0-46A7-960A-747EE95EAEA3}.unit|Any CPU.Build.0 = l4n|Any CPU
		{9225B429-24F2-4B9E-A04E-CE4215292202}.Debug|Any CPU.ActiveCfg = Debug|Any CPU
		{9225B429-24F2-4B9E-A04E-CE4215292202}.Debug|Any CPU.Build.0 = Debug|Any CPU
		{9225B429-24F2-4B9E-A04E-CE4215292202}.l4n|Any CPU.ActiveCfg = l4n|Any CPU
		{9225B429-24F2-4B9E-A04E-CE4215292202}.l4n|Any CPU.Build.0 = l4n|Any CPU
		{9225B429-24F2-4B9E-A04E-CE4215292202}.l4npf|Any CPU.ActiveCfg = Release|Any CPU
		{9225B429-24F2-4B9E-A04E-CE4215292202}.l4npf|Any CPU.Build.0 = Release|Any CPU
		{9225B429-24F2-4B9E-A04E-CE4215292202}.Release|Any CPU.ActiveCfg = Release|Any CPU
		{9225B429-24F2-4B9E-A04E-CE4215292202}.Release|Any CPU.Build.0 = Release|Any CPU
		{9225B429-24F2-4B9E-A04E-CE4215292202}.unit|Any CPU.ActiveCfg = Release|Any CPU
		{9225B429-24F2-4B9E-A04E-CE4215292202}.unit|Any CPU.Build.0 = Release|Any CPU
		{BF49E836-A893-4487-BDC6-3CF146CCBC01}.Debug|Any CPU.ActiveCfg = Debug|Any CPU
		{BF49E836-A893-4487-BDC6-3CF146CCBC01}.Debug|Any CPU.Build.0 = Debug|Any CPU
		{BF49E836-A893-4487-BDC6-3CF146CCBC01}.l4n|Any CPU.ActiveCfg = l4n|Any CPU
		{BF49E836-A893-4487-BDC6-3CF146CCBC01}.l4n|Any CPU.Build.0 = l4n|Any CPU
		{BF49E836-A893-4487-BDC6-3CF146CCBC01}.l4npf|Any CPU.ActiveCfg = l4npf|Any CPU
		{BF49E836-A893-4487-BDC6-3CF146CCBC01}.l4npf|Any CPU.Build.0 = l4npf|Any CPU
		{BF49E836-A893-4487-BDC6-3CF146CCBC01}.Release|Any CPU.ActiveCfg = Release|Any CPU
		{BF49E836-A893-4487-BDC6-3CF146CCBC01}.Release|Any CPU.Build.0 = Release|Any CPU
		{BF49E836-A893-4487-BDC6-3CF146CCBC01}.unit|Any CPU.ActiveCfg = unit|Any CPU
		{BF49E836-A893-4487-BDC6-3CF146CCBC01}.unit|Any CPU.Build.0 = unit|Any CPU
		{EF23BEB3-1D68-4667-8B9D-AF61BF62D4F0}.Debug|Any CPU.ActiveCfg = Debug|Any CPU
		{EF23BEB3-1D68-4667-8B9D-AF61BF62D4F0}.Debug|Any CPU.Build.0 = Debug|Any CPU
		{EF23BEB3-1D68-4667-8B9D-AF61BF62D4F0}.l4n|Any CPU.ActiveCfg = l4n|Any CPU
		{EF23BEB3-1D68-4667-8B9D-AF61BF62D4F0}.l4n|Any CPU.Build.0 = l4n|Any CPU
		{EF23BEB3-1D68-4667-8B9D-AF61BF62D4F0}.l4npf|Any CPU.ActiveCfg = Release|Any CPU
		{EF23BEB3-1D68-4667-8B9D-AF61BF62D4F0}.l4npf|Any CPU.Build.0 = Release|Any CPU
		{EF23BEB3-1D68-4667-8B9D-AF61BF62D4F0}.Release|Any CPU.ActiveCfg = Release|Any CPU
		{EF23BEB3-1D68-4667-8B9D-AF61BF62D4F0}.Release|Any CPU.Build.0 = Release|Any CPU
		{EF23BEB3-1D68-4667-8B9D-AF61BF62D4F0}.unit|Any CPU.ActiveCfg = Release|Any CPU
		{EF23BEB3-1D68-4667-8B9D-AF61BF62D4F0}.unit|Any CPU.Build.0 = Release|Any CPU
		{F9A12FAD-A1B8-48C7-9A82-92C79990A8BB}.Debug|Any CPU.ActiveCfg = Debug|Any CPU
		{F9A12FAD-A1B8-48C7-9A82-92C79990A8BB}.Debug|Any CPU.Build.0 = Debug|Any CPU
		{F9A12FAD-A1B8-48C7-9A82-92C79990A8BB}.l4n|Any CPU.ActiveCfg = l4n|Any CPU
		{F9A12FAD-A1B8-48C7-9A82-92C79990A8BB}.l4n|Any CPU.Build.0 = l4n|Any CPU
		{F9A12FAD-A1B8-48C7-9A82-92C79990A8BB}.l4npf|Any CPU.ActiveCfg = Release|Any CPU
		{F9A12FAD-A1B8-48C7-9A82-92C79990A8BB}.l4npf|Any CPU.Build.0 = Release|Any CPU
		{F9A12FAD-A1B8-48C7-9A82-92C79990A8BB}.Release|Any CPU.ActiveCfg = Release|Any CPU
		{F9A12FAD-A1B8-48C7-9A82-92C79990A8BB}.Release|Any CPU.Build.0 = Release|Any CPU
		{F9A12FAD-A1B8-48C7-9A82-92C79990A8BB}.unit|Any CPU.ActiveCfg = Release|Any CPU
		{F9A12FAD-A1B8-48C7-9A82-92C79990A8BB}.unit|Any CPU.Build.0 = Release|Any CPU
	EndGlobalSection
	GlobalSection(NestedProjects) = preSolution
	EndGlobalSection
	GlobalSection(MonoDevelopProperties) = preSolution
		StartupItem = FushareApp\FushareApp.csproj
	EndGlobalSection
	GlobalSection(SolutionProperties) = preSolution
		HideSolutionNode = FALSE
	EndGlobalSection
EndGlobal
